{
  "name": "signalr",
  "version": "1.0.0",
  "lockfileVersion": 1,
  "requires": true,
  "dependencies": {
    "@aspnet/signalr": {
      "version": "1.1.0-preview2-35157",
      "resolved": "https://registry.npmjs.org/@aspnet/signalr/-/signalr-1.1.0-preview2-35157.tgz",
      "integrity": "sha512-pTyNKOGQjYQ2iwezn1JF6ZHcW/X9vwif3FNbUDSPEIkdt0T5JC7ekD/XI/3BB1hL8Pj681vyYTpI4jo0c7WHjg=="
    },
    "almond": {
      "version": "0.3.3",
      "resolved": "https://registry.npmjs.org/almond/-/almond-0.3.3.tgz",
      "integrity": "sha1-oOfJWsdiTWQXtElLHmi/9pMWiiA="
    },
    "jquery": {
      "version": "2.2.4",
      "resolved": "https://registry.npmjs.org/jquery/-/jquery-2.2.4.tgz",
      "integrity": "sha1-LInWiJterFIqfuoywUUhVZxsvwI="
    },
    "jquery-mousewheel": {
      "version": "3.1.13",
      "resolved": "https://registry.npmjs.org/jquery-mousewheel/-/jquery-mousewheel-3.1.13.tgz",
      "integrity": "sha1-BvAzXxbjU6aV5yBr9QUDy1I6buU="
    },
    "select2": {
      "version": "4.0.5",
      "resolved": "https://registry.npmjs.org/select2/-/select2-4.0.5.tgz",
      "integrity": "sha1-eqxQaSVhmFs007guxV4ib4lg1Ao=",
      "requires": {
        "almond": "0.3.3",
        "jquery-mousewheel": "3.1.13"
      }
    }
  }
}
